<?xml version="1.0" encoding="UTF-8" standalone="yes" ?>
<CodeBlocks_project_file>
	<FileVersion major="1" minor="6" />
	<Project>
		<Option title="stm32-qca7kprogrammer" />
		<Option makefile_is_custom="1" />
		<Option pch_mode="2" />
		<Option compiler="gcc" />
		<Build>
			<Target title="firmware">
				<Option output="firmware.elf" prefix_auto="0" extension_auto="0" />
				<Option type="1" />
				<Option compiler="arm-elf-gcc" />
				<Compiler>
					<Add option="-mcpu=cortex-m3" />
					<Add option="-mthumb" />
					<Add option="-Os" />
					<Add option="-Wextra" />
					<Add option="-Wall" />
					<Add option="-std=c++11" />
					<Add option="-fno-exceptions" />
					<Add option="-fno-rtti" />
					<Add option="-ffunction-sections" />
					<Add option="-fdata-sections" />
					<Add option="-DSTM32F1" />
					<Add directory="libopencm3/include" />
					<Add directory="include" />
				</Compiler>
				<Linker>
					<Add option="-mcpu=cortex-m3" />
					<Add option="-mthumb" />
					<Add option="-nostdlib" />
					<Add option="-Tstm32f103.ld" />
					<Add option="-Wl,--gc-sections" />
					<Add library="opencm3_stm32f1" />
					<Add library="gcc" />
					<Add directory="libopencm3/lib" />
				</Linker>
				<MakeCommands>
					<Build command="$make -f $makefile $target" />
					<CompileFile command="$make -f $makefile $file" />
					<Clean command="$make -f $makefile clean" />
					<DistClean command="$make -f $makefile distclean$target" />
					<AskRebuildNeeded command="$make -q -f $makefile $target" />
					<SilentBuild command="$make -f $makefile $target &gt; $(CMD_NULL)" />
				</MakeCommands>
			</Target>
			<Target title="test">
				<Option output="tests/run_tests" prefix_auto="0" extension_auto="0" />
				<Option type="1" />
				<Option compiler="gcc" />
				<Compiler>
					<Add option="-DUNIT_TEST" />
					<Add option="-std=c++11" />
					<Add option="-Wall" />
					<Add option="-Wextra" />
					<Add option="-g" />
					<Add directory="include" />
				</Compiler>
			</Target>
		</Build>
		<Compiler>
			<Add directory="include" />
		</Compiler>
		<Unit filename="Makefile" />
		<Unit filename="README.md" />
		<Unit filename="include/debug.h" />
		<Unit filename="include/embedded_images.h" />
		<Unit filename="include/hwinit.h" />
		<Unit filename="include/nvm.h" />
		<Unit filename="include/programmer.h" />
		<Unit filename="include/qca_spi.h" />
		<Unit filename="src/debug.cpp" />
		<Unit filename="src/embedded_images.cpp">
			<Option target="firmware" />
		</Unit>
		<Unit filename="src/embedded_images.s">
			<Option target="firmware" />
		</Unit>
		<Unit filename="src/hwinit.cpp">
			<Option target="firmware" />
		</Unit>
		<Unit filename="src/main.cpp">
			<Option target="firmware" />
		</Unit>
		<Unit filename="src/programmer.cpp" />
		<Unit filename="src/qca_spi.cpp">
			<Option target="firmware" />
		</Unit>
		<Unit filename="stm32f103.ld" />
		<Unit filename="tests/mock_qca.cpp">
			<Option target="test" />
		</Unit>
		<Unit filename="tests/test_programmer.cpp">
			<Option target="test" />
		</Unit>
		<Extensions>
			<debugger>
				<remote_debugging target="firmware">
					<options conn_type="0" ip_address="localhost" ip_port="3333" additional_cmds="load&#x0A;r" />
				</remote_debugging>
			</debugger>
		</Extensions>
	</Project>
</CodeBlocks_project_file>
